# This file is autogenerated, do not edit; changes may be undone by the next 'dep ensure'.


[[projects]]
  branch = "master"
  digest = "1:71fb97e52979668d72f16c6c94851bf99ae1187998f2a2415d6f5ffa5e2592bb"
  name = "github.com/gobs/args"
  packages = ["."]
  pruneopts = "UT"
  revision = "86002b4df18c1c4919c97bd7b7bd46e216fc69c3"

[[projects]]
  branch = "master"
  digest = "1:0f907b6a016b81d60ac2b9a74cdf4c17ed06598aab2d4782594267ac4099aff7"
  name = "github.com/gobs/httpclient"
  packages = ["."]
  pruneopts = "UT"
  revision = "a93d469d8657e74a3d5a8f72bd46b54a19c341f1"

[[projects]]
  branch = "master"
  digest = "1:766bf25377bc2a5bd7b7b2bbe3a490200be68cc325c63db9f338316357086f2f"
  name = "github.com/gobs/pretty"
  packages = ["."]
  pruneopts = "UT"
  revision = "09732c25a95b8e10e85177a3201cf4c7fe35a377"

[[projects]]
  branch = "master"
  digest = "1:1496b3a835688df2d11c7357c120b1134a939afbcd16370a1ab6f1272ec8a377"
  name = "github.com/gobs/simplejson"
  packages = ["."]
  pruneopts = "UT"
  revision = "c70e6bd5e26b37fd37b5225d00d600b93d348e58"

[[projects]]
  digest = "1:7b5c6e2eeaa9ae5907c391a91c132abfd5c9e8a784a341b5625e750c67e6825d"
  name = "github.com/gorilla/websocket"
  packages = ["."]
  pruneopts = "UT"
  revision = "66b9c49e59c6c48f0ffce28c2d8b8a5678502c6d"
  version = "v1.4.0"

[[projects]]
  branch = "master"
  digest = "1:438016f7d4af8e5a7010b6d0705b267a7607ddc0decad051e83a9458c6b9a523"
  name = "github.com/jmoiron/jsonq"
  packages = ["."]
  pruneopts = "UT"
  revision = "e874b168d07ecc7808bc950a17998a8aa3141d82"

[[projects]]
  digest = "1:cf31692c14422fa27c83a05292eb5cbe0fb2775972e8f1f8446a71549bd8980b"
  name = "github.com/pkg/errors"
  packages = ["."]
  pruneopts = "UT"
  revision = "ba968bfe8b2f7e042a574c888954fccecfa385b4"
  version = "v0.8.1"

[[projects]]
  branch = "master"
  digest = "1:fc0a6090d16ce2e378fb61fd4e57082864be0bf46a84f64907812482aa0c2cad"
  name = "github.com/raff/godet"
  packages = ["."]
  pruneopts = "UT"
  revision = "7f5db8f2b8ab95373b0327aa39b63e5542644bc8"

[solve-meta]
  analyzer-name = "dep"
  analyzer-version = 1
  input-imports = [
    "github.com/gobs/args",
    "github.com/gobs/pretty",
    "github.com/jmoiron/jsonq",
    "github.com/pkg/errors",
    "github.com/raff/godet",
  ]
  solver-name = "gps-cdcl"
  solver-version = 1
